version = 1
revision = 3
requires-python = "==3.12.*"

[[package]]
name = "annotated-types"
version = "0.8.0"
source = { registry = "https://mirrors.aliyun.com/pypi/simple/" }
sdist = { url = "https://mirrors.aliyun.com/pypi/packages/5f/56/a8120250d128bed162cd73c76d45f6ef9991f3e068f62a8ee060afa3104a/annotated_types-0.8.0.tar.gz", hash = "sha256:13b2beaad985e05e2d6407ee4c4f35590b11f8d693a258a561055cac8f64cab7" }
wheels = [
    { url = "https://mirrors.aliyun.com/pypi/packages/99/91/8acff4f5e50511b911bbccb72b8628a49c68ce14148cd9f6431094859a90/annotated_types-0.8.0-py3-none-any.whl", hash = "sha256:f072f4d804ea359e4eaf198b1af7a8b0943881a87f31bb764f8bf219bb9419e0" },
]

[[package]]
name = "anyio"
version = "4.14.2"
source = { registry = "https://mirrors.aliyun.com/pypi/simple/" }
dependencies = [
    { name = "idna" },
    { name = "typing-extensions" },
]
sdist = { url = "https://mirrors.aliyun.com/pypi/packages/61/cc/a381afa6efea9f496eff839d4a6a1aed3bfafc7b3ab4b0d1b243a12573dd/anyio-4.14.2.tar.gz", hash = "sha256:cfa139f3ed1a23ee8f88a145ddb5ac7605b8bbfd8592baacd7ce3d8bb4313c7f" }
wheels = [
    { url = "https://mirrors.aliyun.com/pypi/packages/da/35/f2287558c17e29fafc8ef3daf819bb9834061cfa43bff8014f7df7f63bdc/anyio-4.14.2-py3-none-any.whl", hash = "sha256:9f505dda5ac9f0c8309b5e8bd445a8c2bf7246f3ce950121e45ea15bc41d1494" },
]

[[package]]
name = "beautifulsoup4"
version = "4.12.3"
source = { registry = "https://mirrors.aliyun.com/pypi/simple/" }
dependencies = [
    { name = "soupsieve" },
]
sdist = { url = "https://mirrors.aliyun.com/pypi/packages/b3/ca/824b1195773ce6166d388573fc106ce56d4a805bd7427b624e063596ec58/beautifulsoup4-4.12.3.tar.gz", hash = "sha256:74e3d1928edc070d21748185c46e3fb33490f22f52a3addee9aee0f4f7781051" }
wheels = [
    { url = "https://mirrors.aliyun.com/pypi/packages/b1/fe/e8c672695b37eecc5cbf43e1d0638d88d66ba3a44c4d321c796f4e59167f/beautifulsoup4-4.12.3-py3-none-any.whl", hash = "sha256:b80878c9f40111313e55da8ba20bdba06d8fa3969fc68304167741bbf9e082ed" },
]

[[package]]
name = "certifi"
version = "2026.7.22"
source = { registry = "https://mirrors.aliyun.com/pypi/simple/" }
sdist = { url = "https://mirrors.aliyun.com/pypi/packages/a3/c2/24167ea9858356b47a87a50d39908bfdb72ceeefe0041586e704e5376b3a/certifi-2026.7.22.tar.gz", hash = "sha256:741e2c3b351ddf169a738da9f2c048608ff7f2c5cc02f1ebc6b118bb090d5d55" }
wheels = [
    { url = "https://mirrors.aliyun.com/pypi/packages/0b/a7/71ac2cff56fec219ed242bb11b8efb69fcc4bec75db06fb7bfe35de520e6/certifi-2026.7.22-py3-none-any.whl", hash = "sha256:62f22742b58a1a33014a2b6b706588a8d7e2a88ae7bd1a6ebe8c992928483775" },
]

[[package]]
name = "charset-normalizer"
version = "3.5.0"
source = { registry = "https://mirrors.aliyun.com/pypi/simple/" }
sdist = { url = "https://mirrors.aliyun.com/pypi/packages/cb/31/4971872b3ed8715346231fb6eb4da8fcba65a4143c189db151ee28a2812b/charset_normalizer-3.5.0.tar.gz", hash = "sha256:49bd5feb59b0bf3cbf6ebcf4352e371c95b9da9bacd4449f8b64d0ad2c10a26e" }
wheels = [
    { url = "https://mirrors.aliyun.com/pypi/packages/6d/3c/045ea64ea5a550870dd8ab60b2242870328d53f17d2be593b4f9f3121474/charset_normalizer-3.5.0-cp312-cp312-macosx_10_13_universal2.whl", hash = "sha256:98820e1ceb25c6df7a80c4fd8efa59cb121f99bc7c4c1693ad94a2caff5b311d" },
    { url = "https://mirrors.aliyun.com/pypi/packages/fc/1b/7502be709db899d5b4801509829188b3a5a10969411da9c846115a5f1b70/charset_normalizer-3.5.0-cp312-cp312-manylinux2014_aarch64.manylinux_2_17_aarch64.manylinux_2_28_aarch64.whl", hash = "sha256:608553f476fca509537e804c4a71f5eb166ce63b75141f89c2c686ce1aa36956" },
    { url = "https://mirrors.aliyun.com/pypi/packages/ca/ce/66392661375148d9455c17bee25509a54e28c39969e34befa48ec8777936/charset_normalizer-3.5.0-cp312-cp312-manylinux2014_armv7l.manylinux_2_17_armv7l.manylinux_2_31_armv7l.whl", hash = "sha256:6753de11eef42f1c321b26d682957d92c7f7bbce6530f34bbe0f9291dd37cc6f" },
    { url = "https://mirrors.aliyun.com/pypi/packages/6a/64/f58c32a8d4ecf55b82ee61ee9aa6a664d4afcd36c72feb4c926fd6fe9af8/charset_normalizer-3.5.0-cp312-cp312-manylinux2014_ppc64le.manylinux_2_17_ppc64le.manylinux_2_28_ppc64le.whl", hash = "sha256:0f76dc0a47f94cb9b69d86f01e477f4b0371ca70208b9ccea7e063c41eed9046" },
    { url = "https://mirrors.aliyun.com/pypi/packages/b1/ea/36c90e59a96386174377e855479ec154221ef001e96637e0b23be92489c4/charset_normalizer-3.5.0-cp312-cp312-manylinux2014_s390x.manylinux_2_17_s390x.manylinux_2_28_s390x.whl", hash = "sha256:c387c6bf91b4774e359a48a179e2872b8e8bf741e4fde06ba8d1665eb9a4760a" },
    { url = "https://mirrors.aliyun.com/pypi/packages/23/35/5b85772eb82528ef22ba29487ad544a7049dfd27f35b1a5a55dbc0843048/charset_normalizer-3.5.0-cp312-cp312-manylinux2014_x86_64.manylinux_2_17_x86_64.manylinux_2_28_x86_64.whl", hash = "sha256:14f6904a3cf870abf044df3a8c4924ac6c8ef77e9896586fd37e73ae96cff2af" },
    { url = "https://mirrors.aliyun.com/pypi/packages/b6/14/ba11a99c2a22ab04c2d5383a700b378cb463a78ab15f36444cabc10cd671/charset_normalizer-3.5.0-cp312-cp312-manylinux_2_31_riscv64.manylinux_2_39_riscv64.whl", hash = "sha256:0cce46dd29d73e135e8087b96eb62a4aca6d69391b7f97808c6588ebed3178f3" },
    { url = "https://mirrors.aliyun.com/pypi/packages/4c/4a/cadba3f2400b45aa1d62a4ae0298bf58a3b30b1158baf15c338c7ce5b601/charset_normalizer-3.5.0-cp312-cp312-musllinux_1_2_aarch64.whl", hash = "sha256:b476cdb63df22da2b91837593380be3ddbe406f36c506c1c91d80e7196b66288" },
    { url = "https://mirrors.aliyun.com/pypi/packages/47/41/d5188b9342d75b72c2b05d3ee373f01a691397e770f001ee05e3b37925f5/charset_normalizer-3.5.0-cp312-cp312-musllinux_1_2_armv7l.whl", hash = "sha256:1f56ce84b317ef2a59d7d3461891c7597c79247d2192bb8114c68a1a1debfcc0" },
    { url = "https://mirrors.aliyun.com/pypi/packages/13/5f/df38fa972c4e945c3d8cee2bc4e610613af522fd359c7dc7a74c419f0278/charset_normalizer-3.5.0-cp312-cp312-musllinux_1_2_ppc64le.whl", hash = "sha256:9ce0f885239357379d92fd9a5fddbe20f0e30e0527c29ba69f8e99eeb1304a76" },
    { url = "https://mirrors.aliyun.com/pypi/packages/a5/d7/043ff7720067a3beee05523465ac9c1c846c68b7884930dd483f72ee5ab6/charset_normalizer-3.5.0-cp312-cp312-musllinux_1_2_riscv64.whl", hash = "sha256:96ae7ab5d8155fde927aa0864fbc8ba3cc4fde6d41ab0c7cea9d6012b4978603" },
    { url = "https://mirrors.aliyun.com/pypi/packages/19/f6/33980b7b802a048e546a6d9ad2ea783a6cf6b10a86aaccd10db462d8b913/charset_normalizer-3.5.0-cp312-cp312-musllinux_1_2_s390x.whl", hash = "sha256:bf91921009025e96ce57a03ced6d14604fc3baf0530351638e9504a55da6fa3b" },
    { url = "https://mirrors.aliyun.com/pypi/packages/a6/b7/0d19bde844bff9165377c1da9ef3c4792a4c24bd49b5b7094d9e6f6ab58b/charset_normalizer-3.5.0-cp312-cp312-musllinux_1_2_x86_64.whl", hash = "sha256:0b2e44e6d42d1a4ff78ccc219a93c5449105d10b16198d1aea581080df8073f9" },
    { url = "https://mirrors.aliyun.com/pypi/packages/1c/cc/2c34fdfaacdf0e96e880ef562cbf80a9b5f8ea97e0dd9e57ba348a9c65cf/charset_normalizer-3.5.0-cp312-cp312-win32.whl", hash = "sha256:deb99535e9bf0bea8e274c6413eb939a21be35a3f492678dba4d5b1f4d70f142" },
    { url = "https://mirrors.aliyun.com/pypi/packages/76/d0/c34dbd1df23bcbdc1b5d2f48256340d72fa747f1eb03924a9d2fa35ed85b/charset_normalizer-3.5.0-cp312-cp312-win_amd64.whl", hash = "sha256:e54dd1a66fa4bce0ccaf0db9dde336e49b3eec646dc4c1c0991279369d373a14" },
    { url = "https://mirrors.aliyun.com/pypi/packages/c0/ea/4e6bf1465d60c3d8f488d5bde140d0cb91cd23ccab0dc2895cc6c6982047/charset_normalizer-3.5.0-cp312-cp312-win_arm64.whl", hash = "sha256:b8ea208b304587d47931b36481342d20336e0d338ab052f8b4305926482598d6" },
    { url = "https://mirrors.aliyun.com/pypi/packages/5b/f3/7b523d807cb5e73562ef8acf21d39cdb9d704955327362c781bc3478a73d/charset_normalizer-3.5.0-cp37-abi3-macosx_10_9_universal2.whl", hash = "sha256:5a4ee37248dfac25107c758bda99d545ce73e60b44d2dd39e4a2bb9f2831e9f5" },
    { url = "https://mirrors.aliyun.com/pypi/packages/f0/de/fc68978fe78ca97063c96d764e41ff92ca639948f319271e0ff450e577a2/charset_normalizer-3.5.0-cp37-abi3-manylinux1_x86_64.manylinux_2_28_x86_64.manylinux_2_5_x86_64.whl", hash = "sha256:a864bdcacd8bff58bb4845304e031f821a3ec64b2b7259f2d409cd49c9e59ca3" },
    { url = "https://mirrors.aliyun.com/pypi/packages/a9/cb/82b41a0ab7fb1a88065f1d78ad32696ad88ea3fe8e25b8189d08833938de/charset_normalizer-3.5.0-cp37-abi3-manylinux2014_aarch64.manylinux_2_17_aarch64.manylinux_2_28_aarch64.whl", hash = "sha256:84b736e3b391601bc47b86da381c749c0f894e9191aaca9f31f30c2632206df3" },
    { url = "https://mirrors.aliyun.com/pypi/packages/e8/0c/19608b631f4538f908098d4a2d56a8f79a665e27cc58e9d90479761a9227/charset_normalizer-3.5.0-cp37-abi3-manylinux2014_armv7l.manylinux_2_17_armv7l.manylinux_2_31_armv7l.whl", hash = "sha256:6abb1f356fb865baeb6ebc3fadd843e9a96fbf49b9adcca55037f3cceccb7438" },
    { url = "https://mirrors.aliyun.com/pypi/packages/29/db/f648eb30e14eba301aed61e11672156f137905c1bdbb530151abe8065943/charset_normalizer-3.5.0-cp37-abi3-manylinux2014_ppc64le.manylinux_2_17_ppc64le.manylinux_2_28_ppc64le.whl", hash = "sha256:1d366548d2ee28a8cfdcc4296363978cc644a728333be9824d2de4652e83df0a" },
    { url = "https://mirrors.aliyun.com/pypi/packages/d3/e0/ed2c8bdbac484d69614d6993143aeb6cb0f4dd1561c883402517b623c8ef/charset_normalizer-3.5.0-cp37-abi3-manylinux2014_s390x.manylinux_2_17_s390x.manylinux_2_28_s390x.whl", hash = "sha256:d672f329ae504ee240eb39b6effb3318aa8e7e8924c0ce8eee5760b3fad98539" },
    { url = "https://mirrors.aliyun.com/pypi/packages/32/08/b4907cb9ec5b521d9d024ced13611240b86ef065c2eb15b3ad2334dc9940/charset_normalizer-3.5.0-cp37-abi3-manylinux_2_31_riscv64.manylinux_2_39_riscv64.whl", hash = "sha256:c54036a518748b6c02e666f6d46c3817561998fb904c3be25b56fb4fe3dc5706" },
    { url = "https://mirrors.aliyun.com/pypi/packages/12/b2/e2d1abcfbc05822f0030869efb4e9f8a3658e13b4821796d4b62da917327/charset_normalizer-3.5.0-cp37-abi3-musllinux_1_2_aarch64.whl", hash = "sha256:22a1889f1c9b752c63c36758a0c2145458e3cadb20fced7a0790002e9dd12b26" },
    { url = "https://mirrors.aliyun.com/pypi/packages/dc/f9/4ba127ad610542fa3eabfa41c45bf12d357860a815b3566374ec0188e213/charset_normalizer-3.5.0-cp37-abi3-musllinux_1_2_armv7l.whl", hash = "sha256:b7eb3eab5c646d3de7dcb14a7c9caebace5249c5767da39e1761cb1576e521a3" },
    { url = "https://mirrors.aliyun.com/pypi/packages/01/68/40613182366d00bd6dbd5f6c84a926cbd120960e038a8269e9ae7d782762/charset_normalizer-3.5.0-cp37-abi3-musllinux_1_2_ppc64le.whl", hash = "sha256:2080aa129a28267984cdc902898993d788c995c384e285d0d19199f56760d52e" },
    { url = "https://mirrors.aliyun.com/pypi/packages/0a/53/4574a14fa4c9de4a6c9f31725354bfa40b67f653e6d594ce1654f9a41b32/charset_normalizer-3.5.0-cp37-abi3-musllinux_1_2_riscv64.whl", hash = "sha256:fd68c825548a611158230e2f9222e210ceb2e3391995c0aa5865cbdf3ab4bd49" },
    { url = "https://mirrors.aliyun.com/pypi/packages/5a/02/bd8030d13d92c058ca7b2b9615bbb3169569e144db64d65c149cd45abf5e/charset_normalizer-3.5.0-cp37-abi3-musllinux_1_2_s390x.whl", hash = "sha256:d8a9316f4da85e937242642b537c6d55d7e9287dd38e5634732f8233932aff45" },
    { url = "https://mirrors.aliyun.com/pypi/packages/77/9d/10ecd3bcbe2666b3d4d4026c97b48f73990682815db516052a1e8f4a31c5/charset_normalizer-3.5.0-cp37-abi3-musllinux_1_2_x86_64.whl", hash = "sha256:d90254c8f609338c53ec180fcd4c4f9c16502e238e3fc88ca7fd4c2f38d445b8" },
    { url = "https://mirrors.aliyun.com/pypi/packages/e4/0f/d044c4872c0938a84f87b5027a698c0e61bacfc5c3551a4e749ca9b7bc5c/charset_normalizer-3.5.0-cp37-abi3-win32.whl", hash = "sha256:8b3e9e29b8b07cc461b9ce7768db7693a93979d0dadf22046f6f3555ded2f516" },
    { url = "https://mirrors.aliyun.com/pypi/packages/10/6b/6046773901f1944b9a89436351529811ee958afc7b774563be9d74a6f0c3/charset_normalizer-3.5.0-cp37-abi3-win_amd64.whl", hash = "sha256:0c8953d9d1617794cfc40d81179571c9ba3805dd029623a15c93f1fb70e60a74" },
    { url = "https://mirrors.aliyun.com/pypi/packages/ab/a6/b57708ac92aefc8e8389d51d5178129b81f03196da61ee2c23e687b8178a/charset_normalizer-3.5.0-cp37-abi3-win_arm64.whl", hash = "sha256:562d24ca7797c1af8852994950c2e623a907b201fc4b0ed29e92af173d3828ca" },
    { url = "https://mirrors.aliyun.com/pypi/packages/22/c7/754d09943a616937df61e4ba367c409ded2a987e872972098d51a6fcf73b/charset_normalizer-3.5.0-py3-none-any.whl", hash = "sha256:993dfcbe75a85a3784abb5084f2c41b915767c90546fcc92803cffa28611baea" },
]

[[package]]
name = "colorama"
version = "0.4.6"
source = { registry = "https://mirrors.aliyun.com/pypi/simple/" }
sdist = { url = "https://mirrors.aliyun.com/pypi/packages/d8/53/6f443c9a4a8358a93a6792e2acffb9d9d5cb0a5cfd8802644b7b1c9a02e4/colorama-0.4.6.tar.gz", hash = "sha256:08695f5cb7ed6e0531a20572697297273c47b8cae5a63ffc6d6ed5c201be6e44" }
wheels = [
    { url = "https://mirrors.aliyun.com/pypi/packages/d1/d6/3965ed04c63042e047cb6a3e6ed1a63a35087b6a609aa3a15ed8ac56c221/colorama-0.4.6-py2.py3-none-any.whl", hash = "sha256:4f1d9991f5acc0ca119f9d443620b77f9d6b33703e51011c16baf57afb285fc6" },
]

[[package]]
name = "coverage"
version = "7.15.4"
source = { registry = "https://mirrors.aliyun.com/pypi/simple/" }
sdist = { url = "https://mirrors.aliyun.com/pypi/packages/be/c3/4f2195f512fb172aa425a8803a874b2baa9ba7f80ff7b6080998761fc701/coverage-7.15.4.tar.gz", hash = "sha256:0548198fff07ccf4faf469520bce1c2eceb1ce3e62891921138dec10907f9d00" }
wheels = [
    { url = "https://mirrors.aliyun.com/pypi/packages/1d/48/bc8d4ba7b37551a767bd863f15b3f80182b271c2f55975356f5f7dbe94c2/coverage-7.15.4-cp312-cp312-macosx_10_13_x86_64.whl", hash = "sha256:d4fedd1f7f428f9fe83b1ead5e7cc87a43427be31aadafbac3ac0636dc7abb22" },
    { url = "https://mirrors.aliyun.com/pypi/packages/20/dd/88d6f83f1fffc974a3691a34a97951c5b12df7512a6782c5963883cbc058/coverage-7.15.4-cp312-cp312-macosx_11_0_arm64.whl", hash = "sha256:37e2f0cdf58e2e1fed4e4d5a8f8786ae2f7eb80b478016876667dc4a01d60a97" },
    { url = "https://mirrors.aliyun.com/pypi/packages/bd/5c/54ee0d4748585bb0acab9891cd8d92f2d3593165b4e59fc9de113bfb3140/coverage-7.15.4-cp312-cp312-manylinux1_i686.manylinux_2_28_i686.manylinux_2_5_i686.whl", hash = "sha256:fb55d0e70bb15f2e81477613627286581414693d74ac7963c93a790dd453ca9d" },
    { url = "https://mirrors.aliyun.com/pypi/packages/8c/3f/f0642a372f494bd0d7dad3b497083b910194a5f1c88be2c94fef707c3b59/coverage-7.15.4-cp312-cp312-manylinux1_x86_64.manylinux_2_28_x86_64.manylinux_2_5_x86_64.whl", hash = "sha256:899b9da30f3c6c336566e3707495bb23e8302d39d862f01fa78c48b99b9437e2" },
    { url = "https://mirrors.aliyun.com/pypi/packages/71/17/8b46d0ed68251016002ec972c8fc0119961a765d0984cafb8bf317c43758/coverage-7.15.4-cp312-cp312-manylinux2014_aarch64.manylinux_2_17_aarch64.manylinux_2_28_aarch64.whl", hash = "sha256:d15715e8c46552827e5e4f30a35575a2dbcad14454cf3284c54483946bd16931" },
    { url = "https://mirrors.aliyun.com/pypi/packages/30/b8/8498a0e72d0adbe15477dd07463d2b3bb2c9f6a4815e8589e50939e2c3ae/coverage-7.15.4-cp312-cp312-manylinux2014_ppc64le.manylinux_2_17_ppc64le.manylinux_2_28_ppc64le.whl", hash = "sha256:002a438859f7b430bc99afeaf01a6d187dad1d0dc907b64cdeffc632a5db8fd8" },
    { url = "https://mirrors.aliyun.com/pypi/packages/41/e1/7dce19c3bdb1e3dd63e769508216500edad81bd5f69a26d724e32aceaf78/coverage-7.15.4-cp312-cp312-manylinux_2_31_riscv64.manylinux_2_39_riscv64.whl", hash = "sha256:e4193a04b518f7968f3099755f5509ee7cccc6dc2b92a6b14841934d22e222c9" },
    { url = "https://mirrors.aliyun.com/pypi/packages/dd/b1/e1494703c675a2561723cd9b89f45c9168782c31280c611b1f767851e57c/coverage-7.15.4-cp312-cp312-musllinux_1_2_aarch64.whl", hash = "sha256:e98dcc55d572b38e69d117da7e8e8efb8500f1f5eaf81ecd460a63220790b839" },
    { url = "https://mirrors.aliyun.com/pypi/packages/73/76/a5629d270fb638a43a4b10466f51e2f49d532c1aa4da2913cbbb150bbe0a/coverage-7.15.4-cp312-cp312-musllinux_1_2_i686.whl", hash = "sha256:af6c538498ce66c10d3fd541c2a8d5b03da5850355add34e6cba564210cb9e72" },
    { url = "https://mirrors.aliyun.com/pypi/packages/ff/4f/9c44447218435d5766b911534f9d798144a5560f85e9a54ebe5f3f5d19f9/coverage-7.15.4-cp312-cp312-musllinux_1_2_ppc64le.whl", hash = "sha256:1d10025d96ea89fc2f73714dbc4cbd433fe012c1ac9e23f895d7728b238b6e52" },
    { url = "https://mirrors.aliyun.com/pypi/packages/de/36/c1e127616fb3fa18a9ff71e76c417f2fd7424332a4870015ac224ef4c039/coverage-7.15.4-cp312-cp312-musllinux_1_2_riscv64.whl", hash = "sha256:d802e1947603162ded419bff83ac7489820355d2b856dfb09206574e3a37ac0c" },
    { url = "https://mirrors.aliyun.com/pypi/packages/e9/b9/fdb92c8ae7a8bb9b850cc253b7b3b9c8526f68130002048b5671cd510d09/coverage-7.15.4-cp312-cp312-musllinux_1_2_x86_64.whl", hash = "sha256:c2de40895718f91951b86712b4c5b694acaf9a0a49be13874896f599a1eed3f4" },
    { url = "https://mirrors.aliyun.com/pypi/packages/6f/c0/a7d51b2587c7bdb76e71b0896d2565bf7d60436b5122fc83e511adb1f7cd/coverage-7.15.4-cp312-cp312-win32.whl", hash = "sha256:5c3431b2161279b7db5c2a1aa58ae02e5cb8c3c42d93a5094be3f5537bd5b11b" },
    { url = "https://mirrors.aliyun.com/pypi/packages/49/b9/5c5f80cc55f5acaaca6dee677626bfcec8c87204a7809b438b08e84f4571/coverage-7.15.4-cp312-cp312-win_amd64.whl", hash = "sha256:6befeab5fb2b51c958ca4ac6c5d141a1e8240f4f76e46350f1911963deda49cd" },
    { url = "https://mirrors.aliyun.com/pypi/packages/47/e4/2a4561f89ff6bf7c925c287d0f2cce8bdf139c3a33735c87e3203401cf94/coverage-7.15.4-cp312-cp312-win_arm64.whl", hash = "sha256:67bc345491ab55b837277d76f5775d057e8c7f1ac44d890d8c2c82adde258c6f" },
    { url = "https://mirrors.aliyun.com/pypi/packages/b4/d9/e70c286c979378f061d8266e279b686ab0b0b688e1fe0af864684f23a77d/coverage-7.15.4-py3-none-any.whl", hash = "sha256:964730a1e9de9c0cf11be6a1a3c79ce419c34882842abd256086ba4698705e84" },
]

[[package]]
name = "distro"
version = "1.9.0"
source = { registry = "https://mirrors.aliyun.com/pypi/simple/" }
sdist = { url = "https://mirrors.aliyun.com/pypi/packages/fc/f8/98eea607f65de6527f8a2e8885fc8015d3e6f5775df186e443e0964a11c3/distro-1.9.0.tar.gz", hash = "sha256:2fa77c6fd8940f116ee1d6b94a2f90b13b5ea8d019b98bc8bafdcabcdd9bdbed" }
wheels = [
    { url = "https://mirrors.aliyun.com/pypi/packages/12/b3/231ffd4ab1fc9d679809f356cebee130ac7daa00d6d6f3206dd4fd137e9e/distro-1.9.0-py3-none-any.whl", hash = "sha256:7bffd925d65168f85027d8da9af6bddab658135b840670a223589bc0c8ef02b2" },
]

[[package]]
name = "h11"
version = "0.16.0"
source = { registry = "https://mirrors.aliyun.com/pypi/simple/" }
sdist = { url = "https://mirrors.aliyun.com/pypi/packages/01/ee/02a2c011bdab74c6fb3c75474d40b3052059d95df7e73351460c8588d963/h11-0.16.0.tar.gz", hash = "sha256:4e35b956cf45792e4caa5885e69fba00bdbc6ffafbfa020300e549b208ee5ff1" }
wheels = [
    { url = "https://mirrors.aliyun.com/pypi/packages/04/4b/29cac41a4d98d144bf5f6d33995617b185d14b22401f75ca86f384e87ff1/h11-0.16.0-py3-none-any.whl", hash = "sha256:63cf8bbe7522de3bf65932fda1d9c2772064ffb3dae62d55932da54b31cb6c86" },
]

[[package]]
name = "html2text"
version = "2020.1.16"
source = { registry = "https://mirrors.aliyun.com/pypi/simple/" }
sdist = { url = "https://mirrors.aliyun.com/pypi/packages/6c/f9/033a17d8ea8181aee41f20c74c3b20f1ccbefbbc3f7cd24e3692de99fb25/html2text-2020.1.16.tar.gz", hash = "sha256:e296318e16b059ddb97f7a8a1d6a5c1d7af4544049a01e261731d2d5cc277bbb" }
wheels = [
    { url = "https://mirrors.aliyun.com/pypi/packages/ae/88/14655f727f66b3e3199f4467bafcc88283e6c31b562686bf606264e09181/html2text-2020.1.16-py3-none-any.whl", hash = "sha256:c7c629882da0cf377d66f073329ccf34a12ed2adf0169b9285ae4e63ef54c82b" },
]

[[package]]
name = "httpcore"
version = "1.0.9"
source = { registry = "https://mirrors.aliyun.com/pypi/simple/" }
dependencies = [
    { name = "certifi" },
    { name = "h11" },
]
sdist = { url = "https://mirrors.aliyun.com/pypi/packages/06/94/82699a10bca87a5556c9c59b5963f2d039dbd239f25bc2a63907a05a14cb/httpcore-1.0.9.tar.gz", hash = "sha256:6e34463af53fd2ab5d807f399a9b45ea31c3dfa2276f15a2c3f00afff6e176e8" }
wheels = [
    { url = "https://mirrors.aliyun.com/pypi/packages/7e/f5/f66802a942d491edb555dd61e3a9961140fd64c90bce1eafd741609d334d/httpcore-1.0.9-py3-none-any.whl", hash = "sha256:2d400746a40668fc9dec9810239072b40b4484b640a8c38fd654a024c7a1bf55" },
]

[[package]]
name = "httpx"
version = "0.28.1"
source = { registry = "https://mirrors.aliyun.com/pypi/simple/" }
dependencies = [
    { name = "anyio" },
    { name = "certifi" },
    { name = "httpcore" },
    { name = "idna" },
]
sdist = { url = "https://mirrors.aliyun.com/pypi/packages/b1/df/48c586a5fe32a0f01324ee087459e112ebb7224f646c0b5023f5e79e9956/httpx-0.28.1.tar.gz", hash = "sha256:75e98c5f16b0f35b567856f597f06ff2270a374470a5c2392242528e3e3e42fc" }
wheels = [
    { url = "https://mirrors.aliyun.com/pypi/packages/2a/39/e50c7c3a983047577ee07d2a9e53faf5a69493943ec3f6a384bdc792deb2/httpx-0.28.1-py3-none-any.whl", hash = "sha256:d909fcccc110f8c7faf814ca82a9a4d816bc5a6dbfea25d6591d6985b8ba59ad" },
]

[[package]]
name = "idna"
version = "3.18"
source = { registry = "https://mirrors.aliyun.com/pypi/simple/" }
sdist = { url = "https://mirrors.aliyun.com/pypi/packages/cd/63/9496c57188a2ee585e0f1db071d75089a11e98aa86eb99d9d7618fc1edce/idna-3.18.tar.gz", hash = "sha256:ffb385a7e039654cef1ab9ef32c6fafe283c0c0467bba1d9029738ce4a14a848" }
wheels = [
    { url = "https://mirrors.aliyun.com/pypi/packages/1e/5e/d4e9f1a599fb8e573b7b87160658329fbf28d19eac2718f51fc3def3aa5a/idna-3.18-py3-none-any.whl", hash = "sha256:7f952cbe720b688055e3f87de14f5c3e5fdaa8bc3928985c4077ca689de849a2" },
]

[[package]]
name = "iniconfig"
version = "2.3.0"
source = { registry = "https://mirrors.aliyun.com/pypi/simple/" }
sdist = { url = "https://mirrors.aliyun.com/pypi/packages/72/34/14ca021ce8e5dfedc35312d08ba8bf51fdd999c576889fc2c24cb97f4f10/iniconfig-2.3.0.tar.gz", hash = "sha256:c76315c77db068650d49c5b56314774a7804df16fee4402c1f19d6d15d8c4730" }
wheels = [
    { url = "https://mirrors.aliyun.com/pypi/packages/cb/b1/3846dd7f199d53cb17f49cba7e651e9ce294d8497c8c150530ed11865bb8/iniconfig-2.3.0-py3-none-any.whl", hash = "sha256:f631c04d2c48c52b84d0d0549c99ff3859c98df65b3101406327ecc7d53fbf12" },
]

[[package]]
name = "jinja2"
version = "3.1.2"
source = { registry = "https://mirrors.aliyun.com/pypi/simple/" }
dependencies = [
    { name = "markupsafe" },
]
sdist = { url = "https://mirrors.aliyun.com/pypi/packages/7a/ff/75c28576a1d900e87eb6335b063fab47a8ef3c8b4d88524c4bf78f670cce/Jinja2-3.1.2.tar.gz", hash = "sha256:31351a702a408a9e7595a8fc6150fc3f43bb6bf7e319770cbc0db9df9437e852" }
wheels = [
    { url = "https://mirrors.aliyun.com/pypi/packages/bc/c3/f068337a370801f372f2f8f6bad74a5c140f6fda3d9de154052708dd3c65/Jinja2-3.1.2-py3-none-any.whl", hash = "sha256:6088930bfe239f0e6710546ab9c19c9ef35e29792895fed6e6e31a023a182a61" },
]

[[package]]
name = "jiter"
version = "0.16.0"
source = { registry = "https://mirrors.aliyun.com/pypi/simple/" }
sdist = { url = "https://mirrors.aliyun.com/pypi/packages/1d/1f/10936e16d8860c70698a1aa939a46aa0224813b782bce4e000e637da0b2d/jiter-0.16.0.tar.gz", hash = "sha256:7b24c3492c5f4f84a37946ad9cf504910cf6a782d6a4e0689b6673c5894b4a1c" }
wheels = [
    { url = "https://mirrors.aliyun.com/pypi/packages/83/2b/52ace16ed031354f0539749a49e4bf33797d82bea5137910835fa4b09793/jiter-0.16.0-cp312-cp312-macosx_10_12_x86_64.whl", hash = "sha256:67c3bc1760f8c99d805dcab4e644027142a53b1d5d861f18780ebdbd5d40b72a" },
    { url = "https://mirrors.aliyun.com/pypi/packages/94/2e/34957c2c1b661c252ba9bcc60ae0bddc27e0f7202c6073326a13c5390eec/jiter-0.16.0-cp312-cp312-macosx_11_0_arm64.whl", hash = "sha256:5af7780e4a26bd7d0d989592bf9ef12ebf806b74ab709223ecca37c749872ea9" },
    { url = "https://mirrors.aliyun.com/pypi/packages/88/6c/59bd309cab4460c54cf1079f3eb7fe7af6a4c895c5c957a53378693bad2b/jiter-0.16.0-cp312-cp312-manylinux_2_17_aarch64.manylinux2014_aarch64.whl", hash = "sha256:d5bf78d0e05e45cfdd66558893938d59afe3d1b1a824a202039b20e607d25a72" },
    { url = "https://mirrors.aliyun.com/pypi/packages/3b/8c/f5ef7b65f0df47afa16596969defb281ebb86e96df346d62be6fd853d620/jiter-0.16.0-cp312-cp312-manylinux_2_17_armv7l.manylinux2014_armv7l.whl", hash = "sha256:f4444a83f946605990c98f625cdd3d2725bfb818158760c5748c653170a20e0e" },
    { url = "https://mirrors.aliyun.com/pypi/packages/2b/0b/ace4354da061ee38844a0c27dc2c21eecd27aea119e8da324bea987522d0/jiter-0.16.0-cp312-cp312-manylinux_2_17_ppc64le.manylinux2014_ppc64le.whl", hash = "sha256:3a23f0e4f957e1be65752d2dfac9a5a06b1917af8dc85deb639c3b9d02e31290" },
    { url = "https://mirrors.aliyun.com/pypi/packages/55/40/c0253d3772eb9dcd8e6606ee9b2d53ec8e5b814589c47f140aa585f21eaa/jiter-0.16.0-cp312-cp312-manylinux_2_17_s390x.manylinux2014_s390x.whl", hash = "sha256:c22a488f7b9218e245a0025a9ba6b100e2e54700831cf4cf16833a27fba3ad01" },
    { url = "https://mirrors.aliyun.com/pypi/packages/a8/d2/4839422241aa12860ce597b20068727094ba0bc480723c74924ca5bad483/jiter-0.16.0-cp312-cp312-manylinux_2_17_x86_64.manylinux2014_x86_64.whl", hash = "sha256:46add52f4ad47a08bfb1219f3e673da972191489a33016edefdb5ea55bfa8c48" },
    { url = "https://mirrors.aliyun.com/pypi/packages/e2/59/e196888a05befdda7dbe299b722d56f2f6eec65402bc34c0a3306d595feb/jiter-0.16.0-cp312-cp312-manylinux_2_31_riscv64.whl", hash = "sha256:9c8a956fd72c2cf1e730d01ea080341f13aa0a97a4a33b51abebe725b7ae9ca9" },
    { url = "https://mirrors.aliyun.com/pypi/packages/ec/74/4cd9e0fca65232136400354b630fbfcd2de634e22ccbb96567725981b548/jiter-0.16.0-cp312-cp312-manylinux_2_5_i686.manylinux1_i686.whl", hash = "sha256:561926e0573ffe4a32498420a76d64b16c513e1ab413b9d28158a8764ac701e5" },
    { url = "https://mirrors.aliyun.com/pypi/packages/d9/8c/554691e48bc711299c0a293dd8a6179e24b2d66a54dc295421fcf64569c0/jiter-0.16.0-cp312-cp312-musllinux_1_1_aarch64.whl", hash = "sha256:44d019fa8cdaf89bf29c71b39e3712143fdd0ac76725c6ef954f9957a5ea8730" },
    { url = "https://mirrors.aliyun.com/pypi/packages/a4/cb/01e9d69dc2cc6759d4f91e230b34489c4fdb2518992650633f9e20bece89/jiter-0.16.0-cp312-cp312-musllinux_1_1_x86_64.whl", hash = "sha256:0df91907609837f33341b8e6fe73b95991fdaa57caf1a0fbd343dffe826f386f" },
    { url = "https://mirrors.aliyun.com/pypi/packages/79/70/2953195f1c6ad00f49fa67e13df7e60acb3dd4f387101bc15abccddd905e/jiter-0.16.0-cp312-cp312-win32.whl", hash = "sha256:51d7b836acb0108d7c77df1742332cac2a1fa04a74d6dacec46e7091f0e91274" },
    { url = "https://mirrors.aliyun.com/pypi/packages/2d/05/2909a8b10699a4d560f8c502b6b2c5f3991b682b1922c1eedda242b225bd/jiter-0.16.0-cp312-cp312-win_amd64.whl", hash = "sha256:1878349266f8ee36ecb1375cc5ba2f115f35fd9f0a1a4119e725e379126647f7" },
    { url = "https://mirrors.aliyun.com/pypi/packages/e9/a9/6b82bb1c8d7790d602489b967b982a909e5d092875a6c2ade96444c8dfc5/jiter-0.16.0-cp312-cp312-win_arm64.whl", hash = "sha256:2ed5738ae4af18271a51a528b8811b0cbfa4a1858de9d83359e4169855d6a331" },
    { url = "https://mirrors.aliyun.com/pypi/packages/98/ab/664fd8c4be028b2bedd3d2ff08769c4ede23d0dbc87a77c62384a0515b5d/jiter-0.16.0-graalpy312-graalpy250_312_native-macosx_10_12_x86_64.whl", hash = "sha256:f17d61a28b4b3e0e3e2ba98490c70501403b4d196f78732439160e7fd3678127" },
    { url = "https://mirrors.aliyun.com/pypi/packages/1a/07/421f1d5b65493a76e16027b848aba6a7d28073ae75944fa4289cc914d39f/jiter-0.16.0-graalpy312-graalpy250_312_native-macosx_11_0_arm64.whl", hash = "sha256:96e38eea538c8ddf853a35727c7be0741c76c13f04148ac5c116222f50ece3b3" },
    { url = "https://mirrors.aliyun.com/pypi/packages/0a/db/bba1155f01a01c3c37a89425d571da751bbedf5c54247b831a04cb971798/jiter-0.16.0-graalpy312-graalpy250_312_native-manylinux_2_17_aarch64.manylinux2014_aarch64.whl", hash = "sha256:d284fb8d94d5855d60c44fefcab4bf966f1da6fada73992b01f6f0c9bc0c6702" },
    { url = "https://mirrors.aliyun.com/pypi/packages/78/f7/18a1afcd64f35314b68c1f23afcd9994d0bc13e65cc77517afff4e83986d/jiter-0.16.0-graalpy312-graalpy250_312_native-manylinux_2_17_x86_64.manylinux2014_x86_64.whl", hash = "sha256:64d613743df53199b1aa256a7d328340da6d7078aac7705a7db9d7a791e9cfd2" },
]

[[package]]
name = "livenews"
version = "0.1.0"
source = { virtual = "." }
dependencies = [
    { name = "beautifulsoup4" },
    { name = "html2text" },
    { name = "jinja2" },
    { name = "markupsafe" },
    { name = "openai" },
    { name = "python-dateutil" },
    { name = "python-dotenv" },
    { name = "pytz" },
    { name = "requests" },
]

[package.dev-dependencies]
dev = [
    { name = "pytest" },
    { name = "pytest-cov" },
]

[package.metadata]
requires-dist = [
    { name = "beautifulsoup4", specifier = "==4.12.3" },
    { name = "html2text", specifier = "==2020.1.16" },
    { name = "jinja2", specifier = "==3.1.2" },
    { name = "markupsafe", specifier = "==2.1.3" },
    { name = "openai", specifier = "==1.59.5" },
    { name = "python-dateutil", specifier = "==2.8.2" },
    { name = "python-dotenv", specifier = "==1.0.0" },
    { name = "pytz", specifier = "==2023.3" },
    { name = "requests", specifier = "==2.31.0" },
]

[package.metadata.requires-dev]
dev = [
    { name = "pytest", specifier = "==8.0.0" },
    { name = "pytest-cov", specifier = "==4.1.0" },
]

[[package]]
name = "markupsafe"
version = "2.1.3"
source = { registry = "https://mirrors.aliyun.com/pypi/simple/" }
sdist = { url = "https://mirrors.aliyun.com/pypi/packages/6d/7c/59a3248f411813f8ccba92a55feaac4bf360d29e2ff05ee7d8e1ef2d7dbf/MarkupSafe-2.1.3.tar.gz", hash = "sha256:af598ed32d6ae86f1b747b82783958b1a4ab8f617b06fe68795c7f026abbdcad" }
wheels = [
    { url = "https://mirrors.aliyun.com/pypi/packages/89/5a/ee546f2aa73a1d6fcfa24272f356fe06d29acca81e76b8d32ca53e429a2e/MarkupSafe-2.1.3-cp312-cp312-macosx_10_9_universal2.whl", hash = "sha256:f698de3fd0c4e6972b92290a45bd9b1536bffe8c6759c62471efaa8acb4c37bc" },
    { url = "https://mirrors.aliyun.com/pypi/packages/3a/72/9f683a059bde096776e8acf9aa34cbbba21ddc399861fe3953790d4f2cde/MarkupSafe-2.1.3-cp312-cp312-macosx_10_9_x86_64.whl", hash = "sha256:aa57bd9cf8ae831a362185ee444e15a93ecb2e344c8e52e4d721ea3ab6ef1823" },
    { url = "https://mirrors.aliyun.com/pypi/packages/9d/78/92f15eb9b1e8f1668a9787ba103cf6f8d19a9efed8150245404836145c24/MarkupSafe-2.1.3-cp312-cp312-manylinux_2_17_aarch64.manylinux2014_aarch64.whl", hash = "sha256:ffcc3f7c66b5f5b7931a5aa68fc9cecc51e685ef90282f4a82f0f5e9b704ad11" },
    { url = "https://mirrors.aliyun.com/pypi/packages/51/94/9a04085114ff2c24f7424dbc890a281d73c5a74ea935dc2e69c66a3bd558/MarkupSafe-2.1.3-cp312-cp312-manylinux_2_17_x86_64.manylinux2014_x86_64.whl", hash = "sha256:47d4f1c5f80fc62fdd7777d0d40a2e9dda0a05883ab11374334f6c4de38adffd" },
    { url = "https://mirrors.aliyun.com/pypi/packages/ec/53/fcb3214bd370185e223b209ce6bb010fb887ea57173ca4f75bd211b24e10/MarkupSafe-2.1.3-cp312-cp312-manylinux_2_5_i686.manylinux1_i686.manylinux_2_17_i686.manylinux2014_i686.whl", hash = "sha256:1f67c7038d560d92149c060157d623c542173016c4babc0c1913cca0564b9939" },
    { url = "https://mirrors.aliyun.com/pypi/packages/e7/33/54d29854716725d7826079b8984dd235fac76dab1c32321e555d493e61f5/MarkupSafe-2.1.3-cp312-cp312-musllinux_1_1_aarch64.whl", hash = "sha256:9aad3c1755095ce347e26488214ef77e0485a3c34a50c5a5e2471dff60b9dd9c" },
    { url = "https://mirrors.aliyun.com/pypi/packages/11/40/ea7f85e2681d29bc9301c757257de561923924f24de1802d9c3baa396bb4/MarkupSafe-2.1.3-cp312-cp312-musllinux_1_1_i686.whl", hash = "sha256:14ff806850827afd6b07a5f32bd917fb7f45b046ba40c57abdb636674a8b559c" },
    { url = "https://mirrors.aliyun.com/pypi/packages/41/f1/bc770c37ecd58638c18f8ec85df205dacb818ccf933692082fd93010a4bc/MarkupSafe-2.1.3-cp312-cp312-musllinux_1_1_x86_64.whl", hash = "sha256:8f9293864fe09b8149f0cc42ce56e3f0e54de883a9de90cd427f191c346eb2e1" },
    { url = "https://mirrors.aliyun.com/pypi/packages/49/74/bf95630aab0a9ed6a67556cd4e54f6aeb0e74f4cb0fd2f229154873a4be4/MarkupSafe-2.1.3-cp312-cp312-win32.whl", hash = "sha256:715d3562f79d540f251b99ebd6d8baa547118974341db04f5ad06d5ea3eb8007" },
    { url = "https://mirrors.aliyun.com/pypi/packages/44/44/dbaf65876e258facd65f586dde158387ab89963e7f2235551afc9c2e24c2/MarkupSafe-2.1.3-cp312-cp312-win_amd64.whl", hash = "sha256:1b8dd8c3fd14349433c79fa8abeb573a55fc0fdd769133baac1f5e07abf54aeb" },
]

[[package]]
name = "openai"
version = "1.59.5"
source = { registry = "https://mirrors.aliyun.com/pypi/simple/" }
dependencies = [
    { name = "anyio" },
    { name = "distro" },
    { name = "httpx" },
    { name = "jiter" },
    { name = "pydantic" },
    { name = "sniffio" },
    { name = "tqdm" },
    { name = "typing-extensions" },
]
sdist = { url = "https://mirrors.aliyun.com/pypi/packages/7c/b3/a99ff4f8034383147f853200ff5f6df63a8407a0061d6b3ff47914b94f4c/openai-1.59.5.tar.gz", hash = "sha256:9886e77c02dad9dc6a7b67a11ab372a56842a9b5d376aa476672175ab10e83a0" }
wheels = [
    { url = "https://mirrors.aliyun.com/pypi/packages/4b/a2/a64f495c016234ca4269005b19eb9193a925dcad01af95eb8fea3de4ee9c/openai-1.59.5-py3-none-any.whl", hash = "sha256:e646b44856b0dda9345d3c43639e056334d792d1690e99690313c0ef7ca4d8cc" },
]

[[package]]
name = "packaging"
version = "26.3"
source = { registry = "https://mirrors.aliyun.com/pypi/simple/" }
sdist = { url = "https://mirrors.aliyun.com/pypi/packages/7d/fa/3944b40b07da9ce895c0e6303a5ab7d53da063554f534556b134a54d6093/packaging-26.3.tar.gz", hash = "sha256:94edc256424af38762eb31306eed28beb9f0efc50a8837492c9d6fd6004aed79" }
wheels = [
    { url = "https://mirrors.aliyun.com/pypi/packages/63/34/ba1c580383c9eada3711951fef0795c80b829a078d72188184bcab9dd527/packaging-26.3-py3-none-any.whl", hash = "sha256:d7193f7c8e4e93f444fde0262bf90af30e16fa0ad0ad44cb553c87339b23cd1c" },
]

[[package]]
name = "pluggy"
version = "1.6.0"
source = { registry = "https://mirrors.aliyun.com/pypi/simple/" }
sdist = { url = "https://mirrors.aliyun.com/pypi/packages/f9/e2/3e91f31a7d2b083fe6ef3fa267035b518369d9511ffab804f839851d2779/pluggy-1.6.0.tar.gz", hash = "sha256:7dcc130b76258d33b90f61b658791dede3486c3e6bfb003ee5c9bfb396dd22f3" }
wheels = [
    { url = "https://mirrors.aliyun.com/pypi/packages/54/20/4d324d65cc6d9205fabedc306948156824eb9f0ee1633355a8f7ec5c66bf/pluggy-1.6.0-py3-none-any.whl", hash = "sha256:e920276dd6813095e9377c0bc5566d94c932c33b27a3e3945d8389c374dd4746" },
]

[[package]]
name = "pydantic"
version = "2.13.4"
source = { registry = "https://mirrors.aliyun.com/pypi/simple/" }
dependencies = [
    { name = "annotated-types" },
    { name = "pydantic-core" },
    { name = "typing-extensions" },
    { name = "typing-inspection" },
]
sdist = { url = "https://mirrors.aliyun.com/pypi/packages/18/a5/b60d21ac674192f8ab0ba4e9fd860690f9b4a6e51ca5df118733b487d8d6/pydantic-2.13.4.tar.gz", hash = "sha256:c40756b57adaa8b1efeeced5c196f3f3b7c435f90e84ea7f443901bec8099ef6" }
wheels = [
    { url = "https://mirrors.aliyun.com/pypi/packages/fd/7b/122376b1fd3c62c1ed9dc80c931ace4844b3c55407b6fb2d199377c9736f/pydantic-2.13.4-py3-none-any.whl", hash = "sha256:45a282cde31d808236fd7ea9d919b128653c8b38b393d1c4ab335c62924d9aba" },
]

[[package]]
name = "pydantic-core"
version = "2.46.4"
source = { registry = "https://mirrors.aliyun.com/pypi/simple/" }
dependencies = [
    { name = "typing-extensions" },
]
sdist = { url = "https://mirrors.aliyun.com/pypi/packages/9d/56/921726b776ace8d8f5db44c4ef961006580d91dc52b803c489fafd1aa249/pydantic_core-2.46.4.tar.gz", hash = "sha256:62f875393d7f270851f20523dd2e29f082bcc82292d66db2b64ea71f64b6e1c1" }
wheels = [
    { url = "https://mirrors.aliyun.com/pypi/packages/ce/8c/af022f0af448d7747c5154288d46b5f2bc5f17366eaa0e23e9aa04d59f3b/pydantic_core-2.46.4-cp312-cp312-macosx_10_12_x86_64.whl", hash = "sha256:3245406455a5d98187ec35530fd772b1d799b26667980872c8d4614991e2c4a2" },
    { url = "https://mirrors.aliyun.com/pypi/packages/19/95/6195171e385007300f0f5574592e467c568becce2d937a0b6804f218bc49/pydantic_core-2.46.4-cp312-cp312-macosx_11_0_arm64.whl", hash = "sha256:962ccbab7b642487b1d8b7df90ef677e03134cf1fd8880bf698649b22a69371f" },
    { url = "https://mirrors.aliyun.com/pypi/packages/8e/bc/f47d1ff9cbb1620e1b5b697eef06010035735f07820180e74178226b27b3/pydantic_core-2.46.4-cp312-cp312-manylinux_2_17_aarch64.manylinux2014_aarch64.whl", hash = "sha256:8233f2947cf85404441fd7e0085f53b10c93e0ee78611099b5c7237e36aacbf7" },
    { url = "https://mirrors.aliyun.com/pypi/packages/5b/11/9b9a5b0306345664a2da6410877af6e8082481b5884b3ddd78d47c6013ce/pydantic_core-2.46.4-cp312-cp312-manylinux_2_17_armv7l.manylinux2014_armv7l.whl", hash = "sha256:3a233125ac121aa3ffba9a2b59edfc4a985a76092dc8279586ab4b71390875e7" },
    { url = "https://mirrors.aliyun.com/pypi/packages/f1/b7/a65fec226f5d78fc39f4a13c4cc0c768c22b113438f60c14adc9d2865038/pydantic_core-2.46.4-cp312-cp312-manylinux_2_17_ppc64le.manylinux2014_ppc64le.whl", hash = "sha256:5b712b53160b79a5850310b912a5ef8e57e56947c8ad690c227f5c9d7e561712" },
    { url = "https://mirrors.aliyun.com/pypi/packages/68/f0/92039db98b907ef49269a8271f67db9cb78ae2fc68062ef7e4e77adb5f61/pydantic_core-2.46.4-cp312-cp312-manylinux_2_17_s390x.manylinux2014_s390x.whl", hash = "sha256:9401557acd873c3a7f3eb9383edef8ac4968f9510e340f4808d427e75667e7b4" },
    { url = "https://mirrors.aliyun.com/pypi/packages/5f/97/2aab507d3d00ca626e8e57c1eac6a79e4e5fbcc63eb99733ff55d1717f65/pydantic_core-2.46.4-cp312-cp312-manylinux_2_17_x86_64.manylinux2014_x86_64.whl", hash = "sha256:926c9541b14b12b1681dca8a0b75feb510b06c6341b70a8e500c2fdcff837cce" },
    { url = "https://mirrors.aliyun.com/pypi/packages/22/37/a8aca44d40d737dde2bc05b3c6c07dff0de07ce6f82e9f3167aeaf4d5dea/pydantic_core-2.46.4-cp312-cp312-manylinux_2_31_riscv64.whl", hash = "sha256:56cb4851bcaf3d117eddcef4fe66afd750a50274b0da8e22be256d10e5611987" },
    { url = "https://mirrors.aliyun.com/pypi/packages/24/99/fcef1b79238c06a8cbec70819ac722ba76e02bc8ada9b0fd66eba40da01b/pydantic_core-2.46.4-cp312-cp312-manylinux_2_5_i686.manylinux1_i686.whl", hash = "sha256:c68fcd102d71ea85c5b2dfac3f4f8476eff42a9e078fd5faefff6d145063536b" },
    { url = "https://mirrors.aliyun.com/pypi/packages/ae/6c/fc44000918855b42779d007ae63b0532794739027b2f417321cddbc44f6a/pydantic_core-2.46.4-cp312-cp312-musllinux_1_1_aarch64.whl", hash = "sha256:b2f69dec1725e79a012d920df1707de5caf7ed5e08f3be4435e25803efc47458" },
    { url = "https://mirrors.aliyun.com/pypi/packages/6b/65/d9cadc9f1920d7a127ad2edba16c1db7916e59719285cd6c94600b0080ba/pydantic_core-2.46.4-cp312-cp312-musllinux_1_1_armv7l.whl", hash = "sha256:8d0820e8192167f80d88d64038e609c31452eeca865b4e1d9950a27a4609b00b" },
    { url = "https://mirrors.aliyun.com/pypi/packages/d0/cf/c873d91679f3a30bcf5e7ac280ce5573483e72295307685120d0d5ad3416/pydantic_core-2.46.4-cp312-cp312-musllinux_1_1_x86_64.whl", hash = "sha256:fbdb89b3e1c94a30cc5edfce477c6e6a5dc4d8f84665b455c27582f211a1c72c" },
    { url = "https://mirrors.aliyun.com/pypi/packages/47/bd/6f2fc8188f31bf10590f1e98e7b306336161fac930a8c514cd7bd828c7dc/pydantic_core-2.46.4-cp312-cp312-win32.whl", hash = "sha256:9aa768456404a8bf48a4406685ac2bec8e72b62c69313734fa3b73cf33b3a894" },
    { url = "https://mirrors.aliyun.com/pypi/packages/40/8c/985c1d41ea1107c2534abd9870e4ed5c8e7669b5c308297835c001e7a1c4/pydantic_core-2.46.4-cp312-cp312-win_amd64.whl", hash = "sha256:e9c26f834c65f5752f3f06cb08cb86a913ceb7274d0db6e267808a708b46bc89" },
    { url = "https://mirrors.aliyun.com/pypi/packages/c4/ba/f463d006e0c47373ca7ec5e1a261c59dc01ef4d62b2657af925fb0deee3a/pydantic_core-2.46.4-cp312-cp312-win_arm64.whl", hash = "sha256:4fc73cb559bdb54b1134a706a2802a4cddd27a0633f5abb7e53056268751ac6a" },
    { url = "https://mirrors.aliyun.com/pypi/packages/9d/1d/8987ad40f65ae1432753072f214fb5c74fe47ffbd0698bb9cbbb585664f8/pydantic_core-2.46.4-graalpy312-graalpy250_312_native-macosx_10_12_x86_64.whl", hash = "sha256:1d8ba486450b14f3b1d63bc521d410ec7565e52f887b9fb671791886436a42f7" },
    { url = "https://mirrors.aliyun.com/pypi/packages/64/d3/84c282a7eee1d3ac4c0377546ef5a1ea436ce26840d9ac3b7ed54a377507/pydantic_core-2.46.4-graalpy312-graalpy250_312_native-macosx_11_0_arm64.whl", hash = "sha256:3009f12e4e90b7f88b4f9adb1b0c4a3d58fe7820f3238c190047209d148026df" },
    { url = "https://mirrors.aliyun.com/pypi/packages/d7/ca/eac61596cdeb4d7e174d3dc0bd8a6238f14f75f97a24e7b7db4c7e7340a0/pydantic_core-2.46.4-graalpy312-graalpy250_312_native-manylinux_2_17_aarch64.manylinux2014_aarch64.whl", hash = "sha256:ad785e92e6dc634c21555edc8bd6b64957ab844541bcb96a1366c202951ae526" },
    { url = "https://mirrors.aliyun.com/pypi/packages/fa/c3/7c8b240552251faf6b3a957db200fcfbbcec36763c050428b601e0c9b83b/pydantic_core-2.46.4-graalpy312-graalpy250_312_native-manylinux_2_17_x86_64.manylinux2014_x86_64.whl", hash = "sha256:00c603d540afdd6b80eb39f078f33ebd46211f02f33e34a32d9f053bba711de0" },
]

[[package]]
name = "pytest"
version = "8.0.0"
source = { registry = "https://mirrors.aliyun.com/pypi/simple/" }
dependencies = [
    { name = "colorama", marker = "sys_platform == 'win32'" },
    { name = "iniconfig" },
    { name = "packaging" },
    { name = "pluggy" },
]
sdist = { url = "https://mirrors.aliyun.com/pypi/packages/50/fd/af2d835eed57448960c4e7e9ab76ee42f24bcdd521e967191bc26fa2dece/pytest-8.0.0.tar.gz", hash = "sha256:249b1b0864530ba251b7438274c4d251c58d868edaaec8762893ad4a0d71c36c" }
wheels = [
    { url = "https://mirrors.aliyun.com/pypi/packages/c7/10/727155d44c5e04bb08e880668e53079547282e4f950535234e5a80690564/pytest-8.0.0-py3-none-any.whl", hash = "sha256:50fb9cbe836c3f20f0dfa99c565201fb75dc54c8d76373cd1bde06b06657bdb6" },
]

[[package]]
name = "pytest-cov"
version = "4.1.0"
source = { registry = "https://mirrors.aliyun.com/pypi/simple/" }
dependencies = [
    { name = "coverage" },
    { name = "pytest" },
]
sdist = { url = "https://mirrors.aliyun.com/pypi/packages/7a/15/da3df99fd551507694a9b01f512a2f6cf1254f33601605843c3775f39460/pytest-cov-4.1.0.tar.gz", hash = "sha256:3904b13dfbfec47f003b8e77fd5b589cd11904a21ddf1ab38a64f204d6a10ef6" }
wheels = [
    { url = "https://mirrors.aliyun.com/pypi/packages/a7/4b/8b78d126e275efa2379b1c2e09dc52cf70df16fc3b90613ef82531499d73/pytest_cov-4.1.0-py3-none-any.whl", hash = "sha256:6ba70b9e97e69fcc3fb45bfeab2d0a138fb65c4d0d6a41ef33983ad114be8c3a" },
]

[[package]]
name = "python-dateutil"
version = "2.8.2"
source = { registry = "https://mirrors.aliyun.com/pypi/simple/" }
dependencies = [
    { name = "six" },
]
sdist = { url = "https://mirrors.aliyun.com/pypi/packages/4c/c4/13b4776ea2d76c115c1d1b84579f3764ee6d57204f6be27119f13a61d0a9/python-dateutil-2.8.2.tar.gz", hash = "sha256:0123cacc1627ae19ddf3c27a5de5bd67ee4586fbdd6440d9748f8abb483d3e86" }
wheels = [
    { url = "https://mirrors.aliyun.com/pypi/packages/36/7a/87837f39d0296e723bb9b62bbb257d0355c7f6128853c78955f57342a56d/python_dateutil-2.8.2-py2.py3-none-any.whl", hash = "sha256:961d03dc3453ebbc59dbdea9e4e11c5651520a876d0f4db161e8674aae935da9" },
]

[[package]]
name = "python-dotenv"
version = "1.0.0"
source = { registry = "https://mirrors.aliyun.com/pypi/simple/" }
sdist = { url = "https://mirrors.aliyun.com/pypi/packages/31/06/1ef763af20d0572c032fa22882cfbfb005fba6e7300715a37840858c919e/python-dotenv-1.0.0.tar.gz", hash = "sha256:a8df96034aae6d2d50a4ebe8216326c61c3eb64836776504fcca410e5937a3ba" }
wheels = [
    { url = "https://mirrors.aliyun.com/pypi/packages/44/2f/62ea1c8b593f4e093cc1a7768f0d46112107e790c3e478532329e434f00b/python_dotenv-1.0.0-py3-none-any.whl", hash = "sha256:f5971a9226b701070a4bf2c38c89e5a3f0d64de8debda981d1db98583009122a" },
]

[[package]]
name = "pytz"
version = "2023.3"
source = { registry = "https://mirrors.aliyun.com/pypi/simple/" }
sdist = { url = "https://mirrors.aliyun.com/pypi/packages/5e/32/12032aa8c673ee16707a9b6cdda2b09c0089131f35af55d443b6a9c69c1d/pytz-2023.3.tar.gz", hash = "sha256:1d8ce29db189191fb55338ee6d0387d82ab59f3d00eac103412d64e0ebd0c588" }
wheels = [
    { url = "https://mirrors.aliyun.com/pypi/packages/7f/99/ad6bd37e748257dd70d6f85d916cafe79c0b0f5e2e95b11f7fbc82bf3110/pytz-2023.3-py2.py3-none-any.whl", hash = "sha256:a151b3abb88eda1d4e34a9814df37de2a80e301e68ba0fd856fb9b46bfbbbffb" },
]

[[package]]
name = "requests"
version = "2.31.0"
source = { registry = "https://mirrors.aliyun.com/pypi/simple/" }
dependencies = [
    { name = "certifi" },
    { name = "charset-normalizer" },
    { name = "idna" },
    { name = "urllib3" },
]
sdist = { url = "https://mirrors.aliyun.com/pypi/packages/9d/be/10918a2eac4ae9f02f6cfe6414b7a155ccd8f7f9d4380d62fd5b955065c3/requests-2.31.0.tar.gz", hash = "sha256:942c5a758f98d790eaed1a29cb6eefc7ffb0d1cf7af05c3d2791656dbd6ad1e1" }
wheels = [
    { url = "https://mirrors.aliyun.com/pypi/packages/70/8e/0e2d847013cb52cd35b38c009bb167a1a26b2ce6cd6965bf26b47bc0bf44/requests-2.31.0-py3-none-any.whl", hash = "sha256:58cd2187c01e70e6e26505bca751777aa9f2ee0b7f4300988b709f44e013003f" },
]

[[package]]
name = "six"
version = "1.17.0"
source = { registry = "https://mirrors.aliyun.com/pypi/simple/" }
sdist = { url = "https://mirrors.aliyun.com/pypi/packages/94/e7/b2c673351809dca68a0e064b6af791aa332cf192da575fd474ed7d6f16a2/six-1.17.0.tar.gz", hash = "sha256:ff70335d468e7eb6ec65b95b99d3a2836546063f63acc5171de367e834932a81" }
wheels = [
    { url = "https://mirrors.aliyun.com/pypi/packages/b7/ce/149a00dd41f10bc29e5921b496af8b574d8413afcd5e30dfa0ed46c2cc5e/six-1.17.0-py2.py3-none-any.whl", hash = "sha256:4721f391ed90541fddacab5acf947aa0d3dc7d27b2e1e8eda2be8970586c3274" },
]

[[package]]
name = "sniffio"
version = "1.3.1"
source = { registry = "https://mirrors.aliyun.com/pypi/simple/" }
sdist = { url = "https://mirrors.aliyun.com/pypi/packages/a2/87/a6771e1546d97e7e041b6ae58d80074f81b7d5121207425c964ddf5cfdbd/sniffio-1.3.1.tar.gz", hash = "sha256:f4324edc670a0f49750a81b895f35c3adb843cca46f0530f79fc1babb23789dc" }
wheels = [
    { url = "https://mirrors.aliyun.com/pypi/packages/e9/44/75a9c9421471a6c4805dbf2356f7c181a29c1879239abab1ea2cc8f38b40/sniffio-1.3.1-py3-none-any.whl", hash = "sha256:2f6da418d1f1e0fddd844478f41680e794e6051915791a034ff65e5f100525a2" },
]

[[package]]
name = "soupsieve"
version = "2.9.2"
source = { registry = "https://mirrors.aliyun.com/pypi/simple/" }
sdist = { url = "https://mirrors.aliyun.com/pypi/packages/69/99/a6ca3beb3ccacb41fb3321d8a60e5566f9e6467601ef8eba6a17e1b89778/soupsieve-2.9.2.tar.gz", hash = "sha256:4a55d8cf158a9c2e587fa4922f1bbb91d68ac829e2d6f25403a85747c71daf74" }
wheels = [
    { url = "https://mirrors.aliyun.com/pypi/packages/eb/dc/ad025c1ee131eba60c69f4dd5779b18fcf1e6b21a343e2162a84d5d133c7/soupsieve-2.9.2-py3-none-any.whl", hash = "sha256:8089a26fd974ca7a1f30276d3d8492ab266ab15af581642dfe8aa162e0c1c823" },
]

[[package]]
name = "tqdm"
version = "4.70.0"
source = { registry = "https://mirrors.aliyun.com/pypi/simple/" }
dependencies = [
    { name = "colorama", marker = "sys_platform == 'win32'" },
]
sdist = { url = "https://mirrors.aliyun.com/pypi/packages/21/3b/6c24bec5be5e743ffd99576daa5cc077722fc7d5bbc00bd133fa0c698dc6/tqdm-4.70.0.tar.gz", hash = "sha256:55b0b0dbd97462d06ebee91e4dac24ed4d4702be82b24f07e6c1d27e08cea220" }
wheels = [
    { url = "https://mirrors.aliyun.com/pypi/packages/f9/1c/01bfd571a64e7f270e6bab5e33777debe0edc56759233ce84f27dec92d14/tqdm-4.70.0-py3-none-any.whl", hash = "sha256:7f585706bfddbdebf89daac705b2dfcc16890130727d3197ca62c732b4310953" },
]

[[package]]
name = "typing-extensions"
version = "4.16.0"
source = { registry = "https://mirrors.aliyun.com/pypi/simple/" }
sdist = { url = "https://mirrors.aliyun.com/pypi/packages/f6/cc/6253133b5bb138fc3306cebfbda2c520f545d36b5be2c7255cc528bb45d6/typing_extensions-4.16.0.tar.gz", hash = "sha256:dc983d19a509c94dba722ee6abd33940f7c05a89e243c47e907eb4db6f1a43e5" }
wheels = [
    { url = "https://mirrors.aliyun.com/pypi/packages/49/d3/b8441a820a491ddfc024b0b0cf0393375b75ea13866d9c66727e54c2fc80/typing_extensions-4.16.0-py3-none-any.whl", hash = "sha256:481caa481374e813c1b176ada14e97f1f67a4539ce9cfeb3f350d78d6370c2e8" },
]

[[package]]
name = "typing-inspection"
version = "0.4.4"
source = { registry = "https://mirrors.aliyun.com/pypi/simple/" }
dependencies = [
    { name = "typing-extensions" },
]
sdist = { url = "https://mirrors.aliyun.com/pypi/packages/a3/26/b09b8010994eccc3c09092e6b34058f36a460eea2d4c3e8b910c695975a0/typing_inspection-0.4.4.tar.gz", hash = "sha256:547274fa6b0a561ccf549cc9524b999a578e737d015d8709d021f9d0d13bea47" }
wheels = [
    { url = "https://mirrors.aliyun.com/pypi/packages/67/81/4add07e5172b7ac40d8ed5ff580409a7801a4fe26d529bdd915401dabfbe/typing_inspection-0.4.4-py3-none-any.whl", hash = "sha256:65b8397ba37ccbce054456aaccddfc91e6e3083c92824df348d96ca832f3f147" },
]

[[package]]
name = "urllib3"
version = "2.7.0"
source = { registry = "https://mirrors.aliyun.com/pypi/simple/" }
sdist = { url = "https://mirrors.aliyun.com/pypi/packages/53/0c/06f8b233b8fd13b9e5ee11424ef85419ba0d8ba0b3138bf360be2ff56953/urllib3-2.7.0.tar.gz", hash = "sha256:231e0ec3b63ceb14667c67be60f2f2c40a518cb38b03af60abc813da26505f4c" }
wheels = [
    { url = "https://mirrors.aliyun.com/pypi/packages/7f/3e/5db95bcf282c52709639744ca2a8b149baccf648e39c8cc87553df9eae0c/urllib3-2.7.0-py3-none-any.whl", hash = "sha256:9fb4c81ebbb1ce9531cce37674bbc6f1360472bc18ca9a553ede278ef7276897" },
]
